
Microsoft Visual Studio Solution File, Format Version 12.00
# Visual Studio 15
VisualStudioVersion = 15.0.28307.779
MinimumVisualStudioVersion = 10.0.40219.1
Project("{FAE04EC0-301F-11D3-BF4B-00C04F79EFBC}") = "DBD Timer", "DBD Timer\DBD Timer.csproj", "{D5296C3B-D1ED-4799-8842-CC44A39BF0E6}"
EndProject
Global
	GlobalSection(SolutionConfigurationPlatforms) = preSolution
		Debug|Any CPU = Debug|Any CPU
		Release|Any CPU = Release|Any CPU
	EndGlobalSection
	GlobalSection(ProjectConfigurationPlatforms) = postSolution
		{D5296C3B-D1ED-4799-8842-CC44A39BF0E6}.Debug|Any CPU.ActiveCfg = Debug|Any CPU
		{D5296C3B-D1ED-4799-8842-CC44A39BF0E6}.Debug|Any CPU.Build.0 = Debug|Any CPU
		{D5296C3B-D1ED-4799-8842-CC44A39BF0E6}.Release|Any CPU.ActiveCfg = Release|Any CPU
		{D5296C3B-D1ED-4799-8842-CC44A39BF0E6}.Release|Any CPU.Build.0 = Release|Any CPU
	EndGlobalSection
	GlobalSection(SolutionProperties) = preSolution
		HideSolutionNode = FALSE
	EndGlobalSection
	GlobalSection(ExtensibilityGlobals) = postSolution
		SolutionGuid = {79C57A7A-95BD-4776-ACA5-FE2511188AA8}
	EndGlobalSection
EndGlobal
